// !$*UTF8*$!
{
	archiveVersion = 1;
	classes = {
	};
	objectVersion = 46;
	objects = {

/* Begin PBXBuildFile section */
		9994158018853B6600714A1A /* Security.framework in Frameworks */ = {isa = PBXBuildFile; fileRef = F456F10615EE0D3500FCF3E2 /* Security.framework */; };
		9994158418853BA300714A1A /* libz.dylib in Frameworks */ = {isa = PBXBuildFile; fileRef = 9994158318853BA300714A1A /* libz.dylib */; settings = {ATTRIBUTES = (Weak, ); }; };
		99A19E52187BACEC00A05040 /* Icon-72@2x.png in Resources */ = {isa = PBXBuildFile; fileRef = 99A19E51187BACEC00A05040 /* Icon-72@2x.png */; };
		99C2277D18556C870006FA9E /* libquickcocos2dx.a in Frameworks */ = {isa = PBXBuildFile; fileRef = 99C22779185565C50006FA9E /* libquickcocos2dx.a */; };
		99D8D0A2183DC90A00DCD44A /* MediaPlayer.framework in Frameworks */ = {isa = PBXBuildFile; fileRef = 99D8D0A0183DC80500DCD44A /* MediaPlayer.framework */; };
		99EB4767179A600300FB5A03 /* assets in Resources */ = {isa = PBXBuildFile; fileRef = 99EB4766179A600300FB5A03 /* assets */; };
		9EB87EE818DFD555006B9C86 /* libCSGameSDK.a in Frameworks */ = {isa = PBXBuildFile; fileRef = 9EB87EE718DFD555006B9C86 /* libCSGameSDK.a */; };
		9EB87EEB18DFD59A006B9C86 /* CsgSdk.mm in Sources */ = {isa = PBXBuildFile; fileRef = 9EB87EEA18DFD59A006B9C86 /* CsgSdk.mm */; };
		9EB87EF118E01117006B9C86 /* libMobClickLibrary.a in Frameworks */ = {isa = PBXBuildFile; fileRef = 9EB87EED18E01117006B9C86 /* libMobClickLibrary.a */; };
		9EB87EF218E01117006B9C86 /* SDKUmeng.mm in Sources */ = {isa = PBXBuildFile; fileRef = 9EB87EF018E01117006B9C86 /* SDKUmeng.mm */; };
		9EB87EF818E01130006B9C86 /* libTalkingDataGA.a in Frameworks */ = {isa = PBXBuildFile; fileRef = 9EB87EF418E01130006B9C86 /* libTalkingDataGA.a */; };
		9EB87EF918E01130006B9C86 /* TalkingDataSdk.mm in Sources */ = {isa = PBXBuildFile; fileRef = 9EB87EF718E01130006B9C86 /* TalkingDataSdk.mm */; };
		9EB87F1418E01186006B9C86 /* ASIAuthenticationDialog.m in Sources */ = {isa = PBXBuildFile; fileRef = 9EB87EFD18E01186006B9C86 /* ASIAuthenticationDialog.m */; };
		9EB87F1518E01186006B9C86 /* ASIDataCompressor.m in Sources */ = {isa = PBXBuildFile; fileRef = 9EB87F0018E01186006B9C86 /* ASIDataCompressor.m */; };
		9EB87F1618E01186006B9C86 /* ASIDataDecompressor.m in Sources */ = {isa = PBXBuildFile; fileRef = 9EB87F0218E01186006B9C86 /* ASIDataDecompressor.m */; };
		9EB87F1718E01186006B9C86 /* ASIDownloadCache.m in Sources */ = {isa = PBXBuildFile; fileRef = 9EB87F0418E01186006B9C86 /* ASIDownloadCache.m */; };
		9EB87F1818E01186006B9C86 /* ASIFormDataRequest.m in Sources */ = {isa = PBXBuildFile; fileRef = 9EB87F0618E01186006B9C86 /* ASIFormDataRequest.m */; };
		9EB87F1918E01186006B9C86 /* ASIHTTPRequest.m in Sources */ = {isa = PBXBuildFile; fileRef = 9EB87F0818E01186006B9C86 /* ASIHTTPRequest.m */; };
		9EB87F1A18E01186006B9C86 /* ASIInputStream.m in Sources */ = {isa = PBXBuildFile; fileRef = 9EB87F0C18E01186006B9C86 /* ASIInputStream.m */; };
		9EB87F1B18E01186006B9C86 /* ASINetworkQueue.m in Sources */ = {isa = PBXBuildFile; fileRef = 9EB87F0E18E01186006B9C86 /* ASINetworkQueue.m */; };
		9EB87F1C18E01186006B9C86 /* Reachability.m in Sources */ = {isa = PBXBuildFile; fileRef = 9EB87F1318E01186006B9C86 /* Reachability.m */; };
		9EB87F3718E01477006B9C86 /* NSObject+SBJson.m in Sources */ = {isa = PBXBuildFile; fileRef = 9EB87F1F18E01477006B9C86 /* NSObject+SBJson.m */; settings = {COMPILER_FLAGS = "-fobjc-arc"; }; };
		9EB87F3818E01477006B9C86 /* SBJsonParser.m in Sources */ = {isa = PBXBuildFile; fileRef = 9EB87F2218E01477006B9C86 /* SBJsonParser.m */; settings = {COMPILER_FLAGS = "-fobjc-arc"; }; };
		9EB87F3918E01477006B9C86 /* SBJsonStreamParser.m in Sources */ = {isa = PBXBuildFile; fileRef = 9EB87F2418E01477006B9C86 /* SBJsonStreamParser.m */; settings = {COMPILER_FLAGS = "-fobjc-arc"; }; };
		9EB87F3A18E01477006B9C86 /* SBJsonStreamParserAccumulator.m in Sources */ = {isa = PBXBuildFile; fileRef = 9EB87F2618E01477006B9C86 /* SBJsonStreamParserAccumulator.m */; settings = {COMPILER_FLAGS = "-fobjc-arc"; }; };
		9EB87F3B18E01477006B9C86 /* SBJsonStreamParserAdapter.m in Sources */ = {isa = PBXBuildFile; fileRef = 9EB87F2818E01477006B9C86 /* SBJsonStreamParserAdapter.m */; settings = {COMPILER_FLAGS = "-fobjc-arc"; }; };
		9EB87F3C18E01477006B9C86 /* SBJsonStreamParserState.m in Sources */ = {isa = PBXBuildFile; fileRef = 9EB87F2A18E01477006B9C86 /* SBJsonStreamParserState.m */; settings = {COMPILER_FLAGS = "-fobjc-arc"; }; };
		9EB87F3D18E01477006B9C86 /* SBJsonStreamWriter.m in Sources */ = {isa = PBXBuildFile; fileRef = 9EB87F2C18E01477006B9C86 /* SBJsonStreamWriter.m */; settings = {COMPILER_FLAGS = "-fobjc-arc"; }; };
		9EB87F3E18E01477006B9C86 /* SBJsonStreamWriterAccumulator.m in Sources */ = {isa = PBXBuildFile; fileRef = 9EB87F2E18E01477006B9C86 /* SBJsonStreamWriterAccumulator.m */; settings = {COMPILER_FLAGS = "-fobjc-arc"; }; };
		9EB87F3F18E01477006B9C86 /* SBJsonStreamWriterState.m in Sources */ = {isa = PBXBuildFile; fileRef = 9EB87F3018E01477006B9C86 /* SBJsonStreamWriterState.m */; settings = {COMPILER_FLAGS = "-fobjc-arc"; }; };
		9EB87F4018E01477006B9C86 /* SBJsonTokeniser.m in Sources */ = {isa = PBXBuildFile; fileRef = 9EB87F3218E01477006B9C86 /* SBJsonTokeniser.m */; settings = {COMPILER_FLAGS = "-fobjc-arc"; }; };
		9EB87F4118E01477006B9C86 /* SBJsonUTF8Stream.m in Sources */ = {isa = PBXBuildFile; fileRef = 9EB87F3418E01477006B9C86 /* SBJsonUTF8Stream.m */; settings = {COMPILER_FLAGS = "-fobjc-arc"; }; };
		9EB87F4218E01477006B9C86 /* SBJsonWriter.m in Sources */ = {isa = PBXBuildFile; fileRef = 9EB87F3618E01477006B9C86 /* SBJsonWriter.m */; settings = {COMPILER_FLAGS = "-fobjc-arc"; }; };
		9EB87F4418E01B54006B9C86 /* CSGameSDKRe.bundle in Resources */ = {isa = PBXBuildFile; fileRef = 9EB87F4318E01B54006B9C86 /* CSGameSDKRe.bundle */; };
		9EB87F4618E029FA006B9C86 /* libMobClickLibrary_armv6.a in Frameworks */ = {isa = PBXBuildFile; fileRef = 9EB87F4518E029FA006B9C86 /* libMobClickLibrary_armv6.a */; };
		F4482F2116A0555000FDDDAD /* Default-568h@2x.png in Resources */ = {isa = PBXBuildFile; fileRef = F4482F1A16A0555000FDDDAD /* Default-568h@2x.png */; };
		F4482F2216A0555000FDDDAD /* Default.png in Resources */ = {isa = PBXBuildFile; fileRef = F4482F1B16A0555000FDDDAD /* Default.png */; };
		F4482F2316A0555000FDDDAD /* Default@2x.png in Resources */ = {isa = PBXBuildFile; fileRef = F4482F1C16A0555000FDDDAD /* Default@2x.png */; };
		F4482F2416A0555000FDDDAD /* Icon-72.png in Resources */ = {isa = PBXBuildFile; fileRef = F4482F1D16A0555000FDDDAD /* Icon-72.png */; };
		F4482F2516A0555000FDDDAD /* Icon.png in Resources */ = {isa = PBXBuildFile; fileRef = F4482F1E16A0555000FDDDAD /* Icon.png */; };
		F4482F2616A0555000FDDDAD /* Icon@2x.png in Resources */ = {isa = PBXBuildFile; fileRef = F4482F1F16A0555000FDDDAD /* Icon@2x.png */; };
		F452BFC51687EEF900DC5BCC /* CoreText.framework in Frameworks */ = {isa = PBXBuildFile; fileRef = F452BFC41687EEF900DC5BCC /* CoreText.framework */; };
		F452BFD01687F0F200DC5BCC /* UIKit.framework in Frameworks */ = {isa = PBXBuildFile; fileRef = F452BFCF1687F0F200DC5BCC /* UIKit.framework */; };
		F456ECC615EE018E00FCF3E2 /* QuartzCore.framework in Frameworks */ = {isa = PBXBuildFile; fileRef = F456ECC515EE018E00FCF3E2 /* QuartzCore.framework */; };
		F456ECC815EE018E00FCF3E2 /* OpenGLES.framework in Frameworks */ = {isa = PBXBuildFile; fileRef = F456ECC715EE018E00FCF3E2 /* OpenGLES.framework */; };
		F456ECCA15EE018E00FCF3E2 /* OpenAL.framework in Frameworks */ = {isa = PBXBuildFile; fileRef = F456ECC915EE018E00FCF3E2 /* OpenAL.framework */; };
		F456ECCC15EE018E00FCF3E2 /* AudioToolbox.framework in Frameworks */ = {isa = PBXBuildFile; fileRef = F456ECCB15EE018E00FCF3E2 /* AudioToolbox.framework */; };
		F456ECCE15EE018E00FCF3E2 /* AVFoundation.framework in Frameworks */ = {isa = PBXBuildFile; fileRef = F456ECCD15EE018E00FCF3E2 /* AVFoundation.framework */; };
		F456ECD215EE018E00FCF3E2 /* Foundation.framework in Frameworks */ = {isa = PBXBuildFile; fileRef = F456ECD115EE018E00FCF3E2 /* Foundation.framework */; };
		F456ECD415EE018E00FCF3E2 /* CoreGraphics.framework in Frameworks */ = {isa = PBXBuildFile; fileRef = F456ECD315EE018E00FCF3E2 /* CoreGraphics.framework */; };
		F456F0F915EE0CDB00FCF3E2 /* CFNetwork.framework in Frameworks */ = {isa = PBXBuildFile; fileRef = F456F0F815EE0CDB00FCF3E2 /* CFNetwork.framework */; };
		F456F0FD15EE0CF600FCF3E2 /* SystemConfiguration.framework in Frameworks */ = {isa = PBXBuildFile; fileRef = F456F0FC15EE0CF600FCF3E2 /* SystemConfiguration.framework */; };
		F456F10515EE0D2D00FCF3E2 /* MobileCoreServices.framework in Frameworks */ = {isa = PBXBuildFile; fileRef = F456F10415EE0D2D00FCF3E2 /* MobileCoreServices.framework */; };
		F4949C791699553B00DB561E /* AddressBook.framework in Frameworks */ = {isa = PBXBuildFile; fileRef = F4949C781699553B00DB561E /* AddressBook.framework */; };
		F4949C7B1699554600DB561E /* CoreTelephony.framework in Frameworks */ = {isa = PBXBuildFile; fileRef = F4949C7A1699554600DB561E /* CoreTelephony.framework */; settings = {ATTRIBUTES = (Weak, ); }; };
		F4D26BCC16C7D0D2004442B6 /* AppController.mm in Sources */ = {isa = PBXBuildFile; fileRef = F4D26BC816C7D0D2004442B6 /* AppController.mm */; };
		F4D26BCD16C7D0D2004442B6 /* main.m in Sources */ = {isa = PBXBuildFile; fileRef = F4D26BC916C7D0D2004442B6 /* main.m */; };
		F4D26BCE16C7D0D2004442B6 /* RootViewController.mm in Sources */ = {isa = PBXBuildFile; fileRef = F4D26BCB16C7D0D2004442B6 /* RootViewController.mm */; };
		F4E50FE516CF7B6500AA7E90 /* AppDelegate.cpp in Sources */ = {isa = PBXBuildFile; fileRef = F4E50FE316CF7B6500AA7E90 /* AppDelegate.cpp */; };
		F4F40D1B16573CE0007937AD /* StoreKit.framework in Frameworks */ = {isa = PBXBuildFile; fileRef = F4F40D1A16573CE0007937AD /* StoreKit.framework */; };
/* End PBXBuildFile section */

/* Begin PBXContainerItemProxy section */
		99C22778185565C50006FA9E /* PBXContainerItemProxy */ = {
			isa = PBXContainerItemProxy;
			containerPortal = F4499C7116C7CDE20059FF37 /* quickcocos2dx.xcodeproj */;
			proxyType = 2;
			remoteGlobalIDString = F45A2B9D166B07B600760194;
			remoteInfo = quickcocos2dx;
		};
/* End PBXContainerItemProxy section */

/* Begin PBXFileReference section */
		9994158118853B8800714A1A /* AdSupport.framework */ = {isa = PBXFileReference; lastKnownFileType = wrapper.framework; name = AdSupport.framework; path = System/Library/Frameworks/AdSupport.framework; sourceTree = SDKROOT; };
		9994158318853BA300714A1A /* libz.dylib */ = {isa = PBXFileReference; lastKnownFileType = "compiled.mach-o.dylib"; name = libz.dylib; path = usr/lib/libz.dylib; sourceTree = SDKROOT; };
		99A19E51187BACEC00A05040 /* Icon-72@2x.png */ = {isa = PBXFileReference; lastKnownFileType = image.png; path = "Icon-72@2x.png"; sourceTree = "<group>"; };
		99D8D0A0183DC80500DCD44A /* MediaPlayer.framework */ = {isa = PBXFileReference; lastKnownFileType = wrapper.framework; name = MediaPlayer.framework; path = System/Library/Frameworks/MediaPlayer.framework; sourceTree = SDKROOT; };
		99EB4766179A600300FB5A03 /* assets */ = {isa = PBXFileReference; lastKnownFileType = folder; name = assets; path = ../../../assets; sourceTree = "<group>"; };
		9EB87EE618DFD555006B9C86 /* CSGameSDK.h */ = {isa = PBXFileReference; fileEncoding = 4; lastKnownFileType = sourcecode.c.h; path = CSGameSDK.h; sourceTree = "<group>"; };
		9EB87EE718DFD555006B9C86 /* libCSGameSDK.a */ = {isa = PBXFileReference; lastKnownFileType = archive.ar; path = libCSGameSDK.a; sourceTree = "<group>"; };
		9EB87EE918DFD59A006B9C86 /* CsgSdk.h */ = {isa = PBXFileReference; fileEncoding = 4; lastKnownFileType = sourcecode.c.h; path = CsgSdk.h; sourceTree = "<group>"; };
		9EB87EEA18DFD59A006B9C86 /* CsgSdk.mm */ = {isa = PBXFileReference; fileEncoding = 4; lastKnownFileType = sourcecode.cpp.objcpp; path = CsgSdk.mm; sourceTree = "<group>"; };
		9EB87EED18E01117006B9C86 /* libMobClickLibrary.a */ = {isa = PBXFileReference; lastKnownFileType = archive.ar; path = libMobClickLibrary.a; sourceTree = "<group>"; };
		9EB87EEE18E01117006B9C86 /* MobClick.h */ = {isa = PBXFileReference; fileEncoding = 4; lastKnownFileType = sourcecode.c.h; path = MobClick.h; sourceTree = "<group>"; };
		9EB87EEF18E01117006B9C86 /* SDKUmeng.h */ = {isa = PBXFileReference; fileEncoding = 4; lastKnownFileType = sourcecode.c.h; path = SDKUmeng.h; sourceTree = "<group>"; };
		9EB87EF018E01117006B9C86 /* SDKUmeng.mm */ = {isa = PBXFileReference; fileEncoding = 4; lastKnownFileType = sourcecode.cpp.objcpp; path = SDKUmeng.mm; sourceTree = "<group>"; };
		9EB87EF418E01130006B9C86 /* libTalkingDataGA.a */ = {isa = PBXFileReference; lastKnownFileType = archive.ar; path = libTalkingDataGA.a; sourceTree = "<group>"; };
		9EB87EF518E01130006B9C86 /* TalkingDataGA.h */ = {isa = PBXFileReference; fileEncoding = 4; lastKnownFileType = sourcecode.c.h; path = TalkingDataGA.h; sourceTree = "<group>"; };
		9EB87EF618E01130006B9C86 /* TalkingDataSdk.h */ = {isa = PBXFileReference; fileEncoding = 4; lastKnownFileType = sourcecode.c.h; path = TalkingDataSdk.h; sourceTree = "<group>"; };
		9EB87EF718E01130006B9C86 /* TalkingDataSdk.mm */ = {isa = PBXFileReference; fileEncoding = 4; lastKnownFileType = sourcecode.cpp.objcpp; path = TalkingDataSdk.mm; sourceTree = "<group>"; };
		9EB87EFC18E01186006B9C86 /* ASIAuthenticationDialog.h */ = {isa = PBXFileReference; fileEncoding = 4; lastKnownFileType = sourcecode.c.h; path = ASIAuthenticationDialog.h; sourceTree = "<group>"; };
		9EB87EFD18E01186006B9C86 /* ASIAuthenticationDialog.m */ = {isa = PBXFileReference; fileEncoding = 4; lastKnownFileType = sourcecode.c.objc; path = ASIAuthenticationDialog.m; sourceTree = "<group>"; };
		9EB87EFE18E01186006B9C86 /* ASICacheDelegate.h */ = {isa = PBXFileReference; fileEncoding = 4; lastKnownFileType = sourcecode.c.h; path = ASICacheDelegate.h; sourceTree = "<group>"; };
		9EB87EFF18E01186006B9C86 /* ASIDataCompressor.h */ = {isa = PBXFileReference; fileEncoding = 4; lastKnownFileType = sourcecode.c.h; path = ASIDataCompressor.h; sourceTree = "<group>"; };
		9EB87F0018E01186006B9C86 /* ASIDataCompressor.m */ = {isa = PBXFileReference; fileEncoding = 4; lastKnownFileType = sourcecode.c.objc; path = ASIDataCompressor.m; sourceTree = "<group>"; };
		9EB87F0118E01186006B9C86 /* ASIDataDecompressor.h */ = {isa = PBXFileReference; fileEncoding = 4; lastKnownFileType = sourcecode.c.h; path = ASIDataDecompressor.h; sourceTree = "<group>"; };
		9EB87F0218E01186006B9C86 /* ASIDataDecompressor.m */ = {isa = PBXFileReference; fileEncoding = 4; lastKnownFileType = sourcecode.c.objc; path = ASIDataDecompressor.m; sourceTree = "<group>"; };
		9EB87F0318E01186006B9C86 /* ASIDownloadCache.h */ = {isa = PBXFileReference; fileEncoding = 4; lastKnownFileType = sourcecode.c.h; path = ASIDownloadCache.h; sourceTree = "<group>"; };
		9EB87F0418E01186006B9C86 /* ASIDownloadCache.m */ = {isa = PBXFileReference; fileEncoding = 4; lastKnownFileType = sourcecode.c.objc; path = ASIDownloadCache.m; sourceTree = "<group>"; };
		9EB87F0518E01186006B9C86 /* ASIFormDataRequest.h */ = {isa = PBXFileReference; fileEncoding = 4; lastKnownFileType = sourcecode.c.h; path = ASIFormDataRequest.h; sourceTree = "<group>"; };
		9EB87F0618E01186006B9C86 /* ASIFormDataRequest.m */ = {isa = PBXFileReference; fileEncoding = 4; lastKnownFileType = sourcecode.c.objc; path = ASIFormDataRequest.m; sourceTree = "<group>"; };
		9EB87F0718E01186006B9C86 /* ASIHTTPRequest.h */ = {isa = PBXFileReference; fileEncoding = 4; lastKnownFileType = sourcecode.c.h; path = ASIHTTPRequest.h; sourceTree = "<group>"; };
		9EB87F0818E01186006B9C86 /* ASIHTTPRequest.m */ = {isa = PBXFileReference; fileEncoding = 4; lastKnownFileType = sourcecode.c.objc; path = ASIHTTPRequest.m; sourceTree = "<group>"; };
		9EB87F0918E01186006B9C86 /* ASIHTTPRequestConfig.h */ = {isa = PBXFileReference; fileEncoding = 4; lastKnownFileType = sourcecode.c.h; path = ASIHTTPRequestConfig.h; sourceTree = "<group>"; };
		9EB87F0A18E01186006B9C86 /* ASIHTTPRequestDelegate.h */ = {isa = PBXFileReference; fileEncoding = 4; lastKnownFileType = sourcecode.c.h; path = ASIHTTPRequestDelegate.h; sourceTree = "<group>"; };
		9EB87F0B18E01186006B9C86 /* ASIInputStream.h */ = {isa = PBXFileReference; fileEncoding = 4; lastKnownFileType = sourcecode.c.h; path = ASIInputStream.h; sourceTree = "<group>"; };
		9EB87F0C18E01186006B9C86 /* ASIInputStream.m */ = {isa = PBXFileReference; fileEncoding = 4; lastKnownFileType = sourcecode.c.objc; path = ASIInputStream.m; sourceTree = "<group>"; };
		9EB87F0D18E01186006B9C86 /* ASINetworkQueue.h */ = {isa = PBXFileReference; fileEncoding = 4; lastKnownFileType = sourcecode.c.h; path = ASINetworkQueue.h; sourceTree = "<group>"; };
		9EB87F0E18E01186006B9C86 /* ASINetworkQueue.m */ = {isa = PBXFileReference; fileEncoding = 4; lastKnownFileType = sourcecode.c.objc; path = ASINetworkQueue.m; sourceTree = "<group>"; };
		9EB87F0F18E01186006B9C86 /* ASIProgressDelegate.h */ = {isa = PBXFileReference; fileEncoding = 4; lastKnownFileType = sourcecode.c.h; path = ASIProgressDelegate.h; sourceTree = "<group>"; };
		9EB87F1218E01186006B9C86 /* Reachability.h */ = {isa = PBXFileReference; fileEncoding = 4; lastKnownFileType = sourcecode.c.h; path = Reachability.h; sourceTree = "<group>"; };
		9EB87F1318E01186006B9C86 /* Reachability.m */ = {isa = PBXFileReference; fileEncoding = 4; lastKnownFileType = sourcecode.c.objc; path = Reachability.m; sourceTree = "<group>"; };
		9EB87F1E18E01477006B9C86 /* NSObject+SBJson.h */ = {isa = PBXFileReference; fileEncoding = 4; lastKnownFileType = sourcecode.c.h; path = "NSObject+SBJson.h"; sourceTree = "<group>"; };
		9EB87F1F18E01477006B9C86 /* NSObject+SBJson.m */ = {isa = PBXFileReference; fileEncoding = 4; lastKnownFileType = sourcecode.c.objc; path = "NSObject+SBJson.m"; sourceTree = "<group>"; };
		9EB87F2018E01477006B9C86 /* SBJson.h */ = {isa = PBXFileReference; fileEncoding = 4; lastKnownFileType = sourcecode.c.h; path = SBJson.h; sourceTree = "<group>"; };
		9EB87F2118E01477006B9C86 /* SBJsonParser.h */ = {isa = PBXFileReference; fileEncoding = 4; lastKnownFileType = sourcecode.c.h; path = SBJsonParser.h; sourceTree = "<group>"; };
		9EB87F2218E01477006B9C86 /* SBJsonParser.m */ = {isa = PBXFileReference; fileEncoding = 4; lastKnownFileType = sourcecode.c.objc; path = SBJsonParser.m; sourceTree = "<group>"; };
		9EB87F2318E01477006B9C86 /* SBJsonStreamParser.h */ = {isa = PBXFileReference; fileEncoding = 4; lastKnownFileType = sourcecode.c.h; path = SBJsonStreamParser.h; sourceTree = "<group>"; };
		9EB87F2418E01477006B9C86 /* SBJsonStreamParser.m */ = {isa = PBXFileReference; fileEncoding = 4; lastKnownFileType = sourcecode.c.objc; path = SBJsonStreamParser.m; sourceTree = "<group>"; };
		9EB87F2518E01477006B9C86 /* SBJsonStreamParserAccumulator.h */ = {isa = PBXFileReference; fileEncoding = 4; lastKnownFileType = sourcecode.c.h; path = SBJsonStreamParserAccumulator.h; sourceTree = "<group>"; };
		9EB87F2618E01477006B9C86 /* SBJsonStreamParserAccumulator.m */ = {isa = PBXFileReference; fileEncoding = 4; lastKnownFileType = sourcecode.c.objc; path = SBJsonStreamParserAccumulator.m; sourceTree = "<group>"; };
		9EB87F2718E01477006B9C86 /* SBJsonStreamParserAdapter.h */ = {isa = PBXFileReference; fileEncoding = 4; lastKnownFileType = sourcecode.c.h; path = SBJsonStreamParserAdapter.h; sourceTree = "<group>"; };
		9EB87F2818E01477006B9C86 /* SBJsonStreamParserAdapter.m */ = {isa = PBXFileReference; fileEncoding = 4; lastKnownFileType = sourcecode.c.objc; path = SBJsonStreamParserAdapter.m; sourceTree = "<group>"; };
		9EB87F2918E01477006B9C86 /* SBJsonStreamParserState.h */ = {isa = PBXFileReference; fileEncoding = 4; lastKnownFileType = sourcecode.c.h; path = SBJsonStreamParserState.h; sourceTree = "<group>"; };
		9EB87F2A18E01477006B9C86 /* SBJsonStreamParserState.m */ = {isa = PBXFileReference; fileEncoding = 4; lastKnownFileType = sourcecode.c.objc; path = SBJsonStreamParserState.m; sourceTree = "<group>"; };
		9EB87F2B18E01477006B9C86 /* SBJsonStreamWriter.h */ = {isa = PBXFileReference; fileEncoding = 4; lastKnownFileType = sourcecode.c.h; path = SBJsonStreamWriter.h; sourceTree = "<group>"; };
		9EB87F2C18E01477006B9C86 /* SBJsonStreamWriter.m */ = {isa = PBXFileReference; fileEncoding = 4; lastKnownFileType = sourcecode.c.objc; path = SBJsonStreamWriter.m; sourceTree = "<group>"; };
		9EB87F2D18E01477006B9C86 /* SBJsonStreamWriterAccumulator.h */ = {isa = PBXFileReference; fileEncoding = 4; lastKnownFileType = sourcecode.c.h; path = SBJsonStreamWriterAccumulator.h; sourceTree = "<group>"; };
		9EB87F2E18E01477006B9C86 /* SBJsonStreamWriterAccumulator.m */ = {isa = PBXFileReference; fileEncoding = 4; lastKnownFileType = sourcecode.c.objc; path = SBJsonStreamWriterAccumulator.m; sourceTree = "<group>"; };
		9EB87F2F18E01477006B9C86 /* SBJsonStreamWriterState.h */ = {isa = PBXFileReference; fileEncoding = 4; lastKnownFileType = sourcecode.c.h; path = SBJsonStreamWriterState.h; sourceTree = "<group>"; };
		9EB87F3018E01477006B9C86 /* SBJsonStreamWriterState.m */ = {isa = PBXFileReference; fileEncoding = 4; lastKnownFileType = sourcecode.c.objc; path = SBJsonStreamWriterState.m; sourceTree = "<group>"; };
		9EB87F3118E01477006B9C86 /* SBJsonTokeniser.h */ = {isa = PBXFileReference; fileEncoding = 4; lastKnownFileType = sourcecode.c.h; path = SBJsonTokeniser.h; sourceTree = "<group>"; };
		9EB87F3218E01477006B9C86 /* SBJsonTokeniser.m */ = {isa = PBXFileReference; fileEncoding = 4; lastKnownFileType = sourcecode.c.objc; path = SBJsonTokeniser.m; sourceTree = "<group>"; };
		9EB87F3318E01477006B9C86 /* SBJsonUTF8Stream.h */ = {isa = PBXFileReference; fileEncoding = 4; lastKnownFileType = sourcecode.c.h; path = SBJsonUTF8Stream.h; sourceTree = "<group>"; };
		9EB87F3418E01477006B9C86 /* SBJsonUTF8Stream.m */ = {isa = PBXFileReference; fileEncoding = 4; lastKnownFileType = sourcecode.c.objc; path = SBJsonUTF8Stream.m; sourceTree = "<group>"; };
		9EB87F3518E01477006B9C86 /* SBJsonWriter.h */ = {isa = PBXFileReference; fileEncoding = 4; lastKnownFileType = sourcecode.c.h; path = SBJsonWriter.h; sourceTree = "<group>"; };
		9EB87F3618E01477006B9C86 /* SBJsonWriter.m */ = {isa = PBXFileReference; fileEncoding = 4; lastKnownFileType = sourcecode.c.objc; path = SBJsonWriter.m; sourceTree = "<group>"; };
		9EB87F4318E01B54006B9C86 /* CSGameSDKRe.bundle */ = {isa = PBXFileReference; lastKnownFileType = "wrapper.plug-in"; path = CSGameSDKRe.bundle; sourceTree = "<group>"; };
		9EB87F4518E029FA006B9C86 /* libMobClickLibrary_armv6.a */ = {isa = PBXFileReference; lastKnownFileType = archive.ar; path = libMobClickLibrary_armv6.a; sourceTree = "<group>"; };
		F4482F1A16A0555000FDDDAD /* Default-568h@2x.png */ = {isa = PBXFileReference; lastKnownFileType = image.png; path = "Default-568h@2x.png"; sourceTree = "<group>"; };
		F4482F1B16A0555000FDDDAD /* Default.png */ = {isa = PBXFileReference; lastKnownFileType = image.png; path = Default.png; sourceTree = "<group>"; };
		F4482F1C16A0555000FDDDAD /* Default@2x.png */ = {isa = PBXFileReference; lastKnownFileType = image.png; path = "Default@2x.png"; sourceTree = "<group>"; };
		F4482F1D16A0555000FDDDAD /* Icon-72.png */ = {isa = PBXFileReference; lastKnownFileType = image.png; path = "Icon-72.png"; sourceTree = "<group>"; };
		F4482F1E16A0555000FDDDAD /* Icon.png */ = {isa = PBXFileReference; lastKnownFileType = image.png; path = Icon.png; sourceTree = "<group>"; };
		F4482F1F16A0555000FDDDAD /* Icon@2x.png */ = {isa = PBXFileReference; lastKnownFileType = image.png; path = "Icon@2x.png"; sourceTree = "<group>"; };
		F4482F2016A0555000FDDDAD /* Info.plist */ = {isa = PBXFileReference; fileEncoding = 4; lastKnownFileType = text.plist.xml; path = Info.plist; sourceTree = "<group>"; };
		F4499C7116C7CDE20059FF37 /* quickcocos2dx.xcodeproj */ = {isa = PBXFileReference; lastKnownFileType = "wrapper.pb-project"; name = quickcocos2dx.xcodeproj; path = ../../lib/proj.ios/quickcocos2dx.xcodeproj; sourceTree = SOURCE_ROOT; };
		F452BFC41687EEF900DC5BCC /* CoreText.framework */ = {isa = PBXFileReference; lastKnownFileType = wrapper.framework; name = CoreText.framework; path = System/Library/Frameworks/CoreText.framework; sourceTree = SDKROOT; };
		F452BFCF1687F0F200DC5BCC /* UIKit.framework */ = {isa = PBXFileReference; lastKnownFileType = wrapper.framework; name = UIKit.framework; path = System/Library/Frameworks/UIKit.framework; sourceTree = SDKROOT; };
		F456ECC115EE018E00FCF3E2 /* wsdx.app */ = {isa = PBXFileReference; explicitFileType = wrapper.application; includeInIndex = 0; path = wsdx.app; sourceTree = BUILT_PRODUCTS_DIR; };
		F456ECC515EE018E00FCF3E2 /* QuartzCore.framework */ = {isa = PBXFileReference; lastKnownFileType = wrapper.framework; name = QuartzCore.framework; path = System/Library/Frameworks/QuartzCore.framework; sourceTree = SDKROOT; };
		F456ECC715EE018E00FCF3E2 /* OpenGLES.framework */ = {isa = PBXFileReference; lastKnownFileType = wrapper.framework; name = OpenGLES.framework; path = System/Library/Frameworks/OpenGLES.framework; sourceTree = SDKROOT; };
		F456ECC915EE018E00FCF3E2 /* OpenAL.framework */ = {isa = PBXFileReference; lastKnownFileType = wrapper.framework; name = OpenAL.framework; path = System/Library/Frameworks/OpenAL.framework; sourceTree = SDKROOT; };
		F456ECCB15EE018E00FCF3E2 /* AudioToolbox.framework */ = {isa = PBXFileReference; lastKnownFileType = wrapper.framework; name = AudioToolbox.framework; path = System/Library/Frameworks/AudioToolbox.framework; sourceTree = SDKROOT; };
		F456ECCD15EE018E00FCF3E2 /* AVFoundation.framework */ = {isa = PBXFileReference; lastKnownFileType = wrapper.framework; name = AVFoundation.framework; path = System/Library/Frameworks/AVFoundation.framework; sourceTree = SDKROOT; };
		F456ECD115EE018E00FCF3E2 /* Foundation.framework */ = {isa = PBXFileReference; lastKnownFileType = wrapper.framework; name = Foundation.framework; path = System/Library/Frameworks/Foundation.framework; sourceTree = SDKROOT; };
		F456ECD315EE018E00FCF3E2 /* CoreGraphics.framework */ = {isa = PBXFileReference; lastKnownFileType = wrapper.framework; name = CoreGraphics.framework; path = System/Library/Frameworks/CoreGraphics.framework; sourceTree = SDKROOT; };
		F456F0F815EE0CDB00FCF3E2 /* CFNetwork.framework */ = {isa = PBXFileReference; lastKnownFileType = wrapper.framework; name = CFNetwork.framework; path = System/Library/Frameworks/CFNetwork.framework; sourceTree = SDKROOT; };
		F456F0FA15EE0CEB00FCF3E2 /* CoreFoundation.framework */ = {isa = PBXFileReference; lastKnownFileType = wrapper.framework; name = CoreFoundation.framework; path = System/Library/Frameworks/CoreFoundation.framework; sourceTree = SDKROOT; };
		F456F0FC15EE0CF600FCF3E2 /* SystemConfiguration.framework */ = {isa = PBXFileReference; lastKnownFileType = wrapper.framework; name = SystemConfiguration.framework; path = System/Library/Frameworks/SystemConfiguration.framework; sourceTree = SDKROOT; };
		F456F10415EE0D2D00FCF3E2 /* MobileCoreServices.framework */ = {isa = PBXFileReference; lastKnownFileType = wrapper.framework; name = MobileCoreServices.framework; path = System/Library/Frameworks/MobileCoreServices.framework; sourceTree = SDKROOT; };
		F456F10615EE0D3500FCF3E2 /* Security.framework */ = {isa = PBXFileReference; lastKnownFileType = wrapper.framework; name = Security.framework; path = System/Library/Frameworks/Security.framework; sourceTree = SDKROOT; };
		F4949C781699553B00DB561E /* AddressBook.framework */ = {isa = PBXFileReference; lastKnownFileType = wrapper.framework; name = AddressBook.framework; path = System/Library/Frameworks/AddressBook.framework; sourceTree = SDKROOT; };
		F4949C7A1699554600DB561E /* CoreTelephony.framework */ = {isa = PBXFileReference; lastKnownFileType = wrapper.framework; name = CoreTelephony.framework; path = System/Library/Frameworks/CoreTelephony.framework; sourceTree = SDKROOT; };
		F4D26BC716C7D0D2004442B6 /* AppController.h */ = {isa = PBXFileReference; fileEncoding = 4; lastKnownFileType = sourcecode.c.h; path = AppController.h; sourceTree = "<group>"; };
		F4D26BC816C7D0D2004442B6 /* AppController.mm */ = {isa = PBXFileReference; fileEncoding = 4; lastKnownFileType = sourcecode.cpp.objcpp; path = AppController.mm; sourceTree = "<group>"; };
		F4D26BC916C7D0D2004442B6 /* main.m */ = {isa = PBXFileReference; fileEncoding = 4; lastKnownFileType = sourcecode.c.objc; path = main.m; sourceTree = "<group>"; };
		F4D26BCA16C7D0D2004442B6 /* RootViewController.h */ = {isa = PBXFileReference; fileEncoding = 4; lastKnownFileType = sourcecode.c.h; path = RootViewController.h; sourceTree = "<group>"; };
		F4D26BCB16C7D0D2004442B6 /* RootViewController.mm */ = {isa = PBXFileReference; fileEncoding = 4; lastKnownFileType = sourcecode.cpp.objcpp; path = RootViewController.mm; sourceTree = "<group>"; };
		F4E50FE316CF7B6500AA7E90 /* AppDelegate.cpp */ = {isa = PBXFileReference; fileEncoding = 4; lastKnownFileType = sourcecode.cpp.cpp; path = AppDelegate.cpp; sourceTree = "<group>"; };
		F4E50FE416CF7B6500AA7E90 /* AppDelegate.h */ = {isa = PBXFileReference; fileEncoding = 4; lastKnownFileType = sourcecode.c.h; path = AppDelegate.h; sourceTree = "<group>"; };
		F4F40D1A16573CE0007937AD /* StoreKit.framework */ = {isa = PBXFileReference; lastKnownFileType = wrapper.framework; name = StoreKit.framework; path = System/Library/Frameworks/StoreKit.framework; sourceTree = SDKROOT; };
/* End PBXFileReference section */

/* Begin PBXFrameworksBuildPhase section */
		F456ECBE15EE018E00FCF3E2 /* Frameworks */ = {
			isa = PBXFrameworksBuildPhase;
			buildActionMask = 2147483647;
			files = (
				9994158418853BA300714A1A /* libz.dylib in Frameworks */,
				F4949C7B1699554600DB561E /* CoreTelephony.framework in Frameworks */,
				9994158018853B6600714A1A /* Security.framework in Frameworks */,
				99C2277D18556C870006FA9E /* libquickcocos2dx.a in Frameworks */,
				99D8D0A2183DC90A00DCD44A /* MediaPlayer.framework in Frameworks */,
				F452BFD01687F0F200DC5BCC /* UIKit.framework in Frameworks */,
				9EB87EF818E01130006B9C86 /* libTalkingDataGA.a in Frameworks */,
				9EB87EF118E01117006B9C86 /* libMobClickLibrary.a in Frameworks */,
				F456F0FD15EE0CF600FCF3E2 /* SystemConfiguration.framework in Frameworks */,
				F456ECC615EE018E00FCF3E2 /* QuartzCore.framework in Frameworks */,
				F456ECD415EE018E00FCF3E2 /* CoreGraphics.framework in Frameworks */,
				9EB87F4618E029FA006B9C86 /* libMobClickLibrary_armv6.a in Frameworks */,
				F4949C791699553B00DB561E /* AddressBook.framework in Frameworks */,
				F456ECC815EE018E00FCF3E2 /* OpenGLES.framework in Frameworks */,
				F452BFC51687EEF900DC5BCC /* CoreText.framework in Frameworks */,
				F4F40D1B16573CE0007937AD /* StoreKit.framework in Frameworks */,
				F456F10515EE0D2D00FCF3E2 /* MobileCoreServices.framework in Frameworks */,
				F456F0F915EE0CDB00FCF3E2 /* CFNetwork.framework in Frameworks */,
				F456ECCA15EE018E00FCF3E2 /* OpenAL.framework in Frameworks */,
				F456ECCC15EE018E00FCF3E2 /* AudioToolbox.framework in Frameworks */,
				F456ECCE15EE018E00FCF3E2 /* AVFoundation.framework in Frameworks */,
				F456ECD215EE018E00FCF3E2 /* Foundation.framework in Frameworks */,
				9EB87EE818DFD555006B9C86 /* libCSGameSDK.a in Frameworks */,
			);
			runOnlyForDeploymentPostprocessing = 0;
		};
/* End PBXFrameworksBuildPhase section */

/* Begin PBXGroup section */
		99C22775185565C50006FA9E /* Products */ = {
			isa = PBXGroup;
			children = (
				99C22779185565C50006FA9E /* libquickcocos2dx.a */,
			);
			name = Products;
			sourceTree = "<group>";
		};
		9EB87EE518DFD555006B9C86 /* csg */ = {
			isa = PBXGroup;
			children = (
				9EB87EFA18E01186006B9C86 /* libs */,
				9EB87EE918DFD59A006B9C86 /* CsgSdk.h */,
				9EB87EEA18DFD59A006B9C86 /* CsgSdk.mm */,
				9EB87EE618DFD555006B9C86 /* CSGameSDK.h */,
				9EB87EE718DFD555006B9C86 /* libCSGameSDK.a */,
			);
			path = csg;
			sourceTree = "<group>";
		};
		9EB87EEC18E01117006B9C86 /* umeng */ = {
			isa = PBXGroup;
			children = (
				9EB87F4518E029FA006B9C86 /* libMobClickLibrary_armv6.a */,
				9EB87EED18E01117006B9C86 /* libMobClickLibrary.a */,
				9EB87EEE18E01117006B9C86 /* MobClick.h */,
				9EB87EEF18E01117006B9C86 /* SDKUmeng.h */,
				9EB87EF018E01117006B9C86 /* SDKUmeng.mm */,
			);
			path = umeng;
			sourceTree = "<group>";
		};
		9EB87EF318E01130006B9C86 /* talkingData */ = {
			isa = PBXGroup;
			children = (
				9EB87EF418E01130006B9C86 /* libTalkingDataGA.a */,
				9EB87EF518E01130006B9C86 /* TalkingDataGA.h */,
				9EB87EF618E01130006B9C86 /* TalkingDataSdk.h */,
				9EB87EF718E01130006B9C86 /* TalkingDataSdk.mm */,
			);
			path = talkingData;
			sourceTree = "<group>";
		};
		9EB87EFA18E01186006B9C86 /* libs */ = {
			isa = PBXGroup;
			children = (
				9EB87F1D18E01477006B9C86 /* Classes */,
				9EB87EFB18E01186006B9C86 /* ASIHTTPRequest */,
				9EB87F1018E01186006B9C86 /* External */,
			);
			path = libs;
			sourceTree = "<group>";
		};
		9EB87EFB18E01186006B9C86 /* ASIHTTPRequest */ = {
			isa = PBXGroup;
			children = (
				9EB87EFC18E01186006B9C86 /* ASIAuthenticationDialog.h */,
				9EB87EFD18E01186006B9C86 /* ASIAuthenticationDialog.m */,
				9EB87EFE18E01186006B9C86 /* ASICacheDelegate.h */,
				9EB87EFF18E01186006B9C86 /* ASIDataCompressor.h */,
				9EB87F0018E01186006B9C86 /* ASIDataCompressor.m */,
				9EB87F0118E01186006B9C86 /* ASIDataDecompressor.h */,
				9EB87F0218E01186006B9C86 /* ASIDataDecompressor.m */,
				9EB87F0318E01186006B9C86 /* ASIDownloadCache.h */,
				9EB87F0418E01186006B9C86 /* ASIDownloadCache.m */,
				9EB87F0518E01186006B9C86 /* ASIFormDataRequest.h */,
				9EB87F0618E01186006B9C86 /* ASIFormDataRequest.m */,
				9EB87F0718E01186006B9C86 /* ASIHTTPRequest.h */,
				9EB87F0818E01186006B9C86 /* ASIHTTPRequest.m */,
				9EB87F0918E01186006B9C86 /* ASIHTTPRequestConfig.h */,
				9EB87F0A18E01186006B9C86 /* ASIHTTPRequestDelegate.h */,
				9EB87F0B18E01186006B9C86 /* ASIInputStream.h */,
				9EB87F0C18E01186006B9C86 /* ASIInputStream.m */,
				9EB87F0D18E01186006B9C86 /* ASINetworkQueue.h */,
				9EB87F0E18E01186006B9C86 /* ASINetworkQueue.m */,
				9EB87F0F18E01186006B9C86 /* ASIProgressDelegate.h */,
			);
			path = ASIHTTPRequest;
			sourceTree = "<group>";
		};
		9EB87F1018E01186006B9C86 /* External */ = {
			isa = PBXGroup;
			children = (
				9EB87F1118E01186006B9C86 /* Reachability */,
			);
			path = External;
			sourceTree = "<group>";
		};
		9EB87F1118E01186006B9C86 /* Reachability */ = {
			isa = PBXGroup;
			children = (
				9EB87F1218E01186006B9C86 /* Reachability.h */,
				9EB87F1318E01186006B9C86 /* Reachability.m */,
			);
			path = Reachability;
			sourceTree = "<group>";
		};
		9EB87F1D18E01477006B9C86 /* Classes */ = {
			isa = PBXGroup;
			children = (
				9EB87F1E18E01477006B9C86 /* NSObject+SBJson.h */,
				9EB87F1F18E01477006B9C86 /* NSObject+SBJson.m */,
				9EB87F2018E01477006B9C86 /* SBJson.h */,
				9EB87F2118E01477006B9C86 /* SBJsonParser.h */,
				9EB87F2218E01477006B9C86 /* SBJsonParser.m */,
				9EB87F2318E01477006B9C86 /* SBJsonStreamParser.h */,
				9EB87F2418E01477006B9C86 /* SBJsonStreamParser.m */,
				9EB87F2518E01477006B9C86 /* SBJsonStreamParserAccumulator.h */,
				9EB87F2618E01477006B9C86 /* SBJsonStreamParserAccumulator.m */,
				9EB87F2718E01477006B9C86 /* SBJsonStreamParserAdapter.h */,
				9EB87F2818E01477006B9C86 /* SBJsonStreamParserAdapter.m */,
				9EB87F2918E01477006B9C86 /* SBJsonStreamParserState.h */,
				9EB87F2A18E01477006B9C86 /* SBJsonStreamParserState.m */,
				9EB87F2B18E01477006B9C86 /* SBJsonStreamWriter.h */,
				9EB87F2C18E01477006B9C86 /* SBJsonStreamWriter.m */,
				9EB87F2D18E01477006B9C86 /* SBJsonStreamWriterAccumulator.h */,
				9EB87F2E18E01477006B9C86 /* SBJsonStreamWriterAccumulator.m */,
				9EB87F2F18E01477006B9C86 /* SBJsonStreamWriterState.h */,
				9EB87F3018E01477006B9C86 /* SBJsonStreamWriterState.m */,
				9EB87F3118E01477006B9C86 /* SBJsonTokeniser.h */,
				9EB87F3218E01477006B9C86 /* SBJsonTokeniser.m */,
				9EB87F3318E01477006B9C86 /* SBJsonUTF8Stream.h */,
				9EB87F3418E01477006B9C86 /* SBJsonUTF8Stream.m */,
				9EB87F3518E01477006B9C86 /* SBJsonWriter.h */,
				9EB87F3618E01477006B9C86 /* SBJsonWriter.m */,
			);
			path = Classes;
			sourceTree = "<group>";
		};
		F456ECB615EE018E00FCF3E2 = {
			isa = PBXGroup;
			children = (
				9994158318853BA300714A1A /* libz.dylib */,
				9994158118853B8800714A1A /* AdSupport.framework */,
				F4499C7116C7CDE20059FF37 /* quickcocos2dx.xcodeproj */,
				F456ECD515EE018E00FCF3E2 /* x6 */,
				F48E6F76166B264500295A03 /* Resources */,
				F456ECC415EE018E00FCF3E2 /* Frameworks */,
				F456ECC215EE018E00FCF3E2 /* Products */,
			);
			sourceTree = "<group>";
		};
		F456ECC215EE018E00FCF3E2 /* Products */ = {
			isa = PBXGroup;
			children = (
				F456ECC115EE018E00FCF3E2 /* wsdx.app */,
			);
			name = Products;
			sourceTree = "<group>";
		};
		F456ECC415EE018E00FCF3E2 /* Frameworks */ = {
			isa = PBXGroup;
			children = (
				99D8D0A0183DC80500DCD44A /* MediaPlayer.framework */,
				F4949C781699553B00DB561E /* AddressBook.framework */,
				F456ECCB15EE018E00FCF3E2 /* AudioToolbox.framework */,
				F456ECCD15EE018E00FCF3E2 /* AVFoundation.framework */,
				F456F0F815EE0CDB00FCF3E2 /* CFNetwork.framework */,
				F456F0FA15EE0CEB00FCF3E2 /* CoreFoundation.framework */,
				F456ECD315EE018E00FCF3E2 /* CoreGraphics.framework */,
				F4949C7A1699554600DB561E /* CoreTelephony.framework */,
				F452BFC41687EEF900DC5BCC /* CoreText.framework */,
				F456ECD115EE018E00FCF3E2 /* Foundation.framework */,
				F456F10415EE0D2D00FCF3E2 /* MobileCoreServices.framework */,
				F456ECC915EE018E00FCF3E2 /* OpenAL.framework */,
				F456ECC715EE018E00FCF3E2 /* OpenGLES.framework */,
				F456ECC515EE018E00FCF3E2 /* QuartzCore.framework */,
				F456F10615EE0D3500FCF3E2 /* Security.framework */,
				F4F40D1A16573CE0007937AD /* StoreKit.framework */,
				F456F0FC15EE0CF600FCF3E2 /* SystemConfiguration.framework */,
				F452BFCF1687F0F200DC5BCC /* UIKit.framework */,
			);
			name = Frameworks;
			sourceTree = "<group>";
		};
		F456ECD515EE018E00FCF3E2 /* x6 */ = {
			isa = PBXGroup;
			children = (
				F4E50FE216CF7B6500AA7E90 /* sources */,
				F4D26BC616C7D0D2004442B6 /* ios */,
			);
			path = x6;
			sourceTree = "<group>";
		};
		F48ABAD516A057D000A60C5B /* ios */ = {
			isa = PBXGroup;
			children = (
				9EB87F4318E01B54006B9C86 /* CSGameSDKRe.bundle */,
				99A19E51187BACEC00A05040 /* Icon-72@2x.png */,
				F4482F1A16A0555000FDDDAD /* Default-568h@2x.png */,
				F4482F1B16A0555000FDDDAD /* Default.png */,
				F4482F1C16A0555000FDDDAD /* Default@2x.png */,
				F4482F1D16A0555000FDDDAD /* Icon-72.png */,
				F4482F1E16A0555000FDDDAD /* Icon.png */,
				F4482F1F16A0555000FDDDAD /* Icon@2x.png */,
				F4482F2016A0555000FDDDAD /* Info.plist */,
			);
			name = ios;
			sourceTree = "<group>";
		};
		F48E6F76166B264500295A03 /* Resources */ = {
			isa = PBXGroup;
			children = (
				99EB4766179A600300FB5A03 /* assets */,
				F48ABAD516A057D000A60C5B /* ios */,
			);
			name = Resources;
			path = x6/Resources;
			sourceTree = "<group>";
		};
		F4D26BC616C7D0D2004442B6 /* ios */ = {
			isa = PBXGroup;
			children = (
				9EB87EF318E01130006B9C86 /* talkingData */,
				9EB87EEC18E01117006B9C86 /* umeng */,
				9EB87EE518DFD555006B9C86 /* csg */,
				F4D26BC716C7D0D2004442B6 /* AppController.h */,
				F4D26BC816C7D0D2004442B6 /* AppController.mm */,
				F4D26BC916C7D0D2004442B6 /* main.m */,
				F4D26BCA16C7D0D2004442B6 /* RootViewController.h */,
				F4D26BCB16C7D0D2004442B6 /* RootViewController.mm */,
			);
			path = ios;
			sourceTree = "<group>";
		};
		F4E50FE216CF7B6500AA7E90 /* sources */ = {
			isa = PBXGroup;
			children = (
				F4E50FE316CF7B6500AA7E90 /* AppDelegate.cpp */,
				F4E50FE416CF7B6500AA7E90 /* AppDelegate.h */,
			);
			name = sources;
			path = ../../sources;
			sourceTree = "<group>";
		};
/* End PBXGroup section */

/* Begin PBXNativeTarget section */
		F456ECC015EE018E00FCF3E2 /* x6 */ = {
			isa = PBXNativeTarget;
			buildConfigurationList = F456EFBD15EE019300FCF3E2 /* Build configuration list for PBXNativeTarget "x6" */;
			buildPhases = (
				F456ECBD15EE018E00FCF3E2 /* Sources */,
				F456ECBE15EE018E00FCF3E2 /* Frameworks */,
				F456ECBF15EE018E00FCF3E2 /* Resources */,
			);
			buildRules = (
			);
			dependencies = (
			);
			name = x6;
			productName = x6;
			productReference = F456ECC115EE018E00FCF3E2 /* wsdx.app */;
			productType = "com.apple.product-type.application";
		};
/* End PBXNativeTarget section */

/* Begin PBXProject section */
		F456ECB815EE018E00FCF3E2 /* Project object */ = {
			isa = PBXProject;
			attributes = {
				LastUpgradeCheck = 0440;
				ORGANIZATIONNAME = millionhero.com;
				TargetAttributes = {
					F456ECC015EE018E00FCF3E2 = {
						DevelopmentTeam = 2PP7P2BPCG;
					};
				};
			};
			buildConfigurationList = F456ECBB15EE018E00FCF3E2 /* Build configuration list for PBXProject "x6" */;
			compatibilityVersion = "Xcode 3.2";
			developmentRegion = English;
			hasScannedForEncodings = 0;
			knownRegions = (
				en,
				"zh-Hans",
			);
			mainGroup = F456ECB615EE018E00FCF3E2;
			productRefGroup = F456ECC215EE018E00FCF3E2 /* Products */;
			projectDirPath = "";
			projectReferences = (
				{
					ProductGroup = 99C22775185565C50006FA9E /* Products */;
					ProjectRef = F4499C7116C7CDE20059FF37 /* quickcocos2dx.xcodeproj */;
				},
			);
			projectRoot = "";
			targets = (
				F456ECC015EE018E00FCF3E2 /* x6 */,
			);
		};
/* End PBXProject section */

/* Begin PBXReferenceProxy section */
		99C22779185565C50006FA9E /* libquickcocos2dx.a */ = {
			isa = PBXReferenceProxy;
			fileType = archive.ar;
			path = libquickcocos2dx.a;
			remoteRef = 99C22778185565C50006FA9E /* PBXContainerItemProxy */;
			sourceTree = BUILT_PRODUCTS_DIR;
		};
/* End PBXReferenceProxy section */

/* Begin PBXResourcesBuildPhase section */
		F456ECBF15EE018E00FCF3E2 /* Resources */ = {
			isa = PBXResourcesBuildPhase;
			buildActionMask = 2147483647;
			files = (
				F4482F2116A0555000FDDDAD /* Default-568h@2x.png in Resources */,
				F4482F2216A0555000FDDDAD /* Default.png in Resources */,
				F4482F2316A0555000FDDDAD /* Default@2x.png in Resources */,
				F4482F2416A0555000FDDDAD /* Icon-72.png in Resources */,
				9EB87F4418E01B54006B9C86 /* CSGameSDKRe.bundle in Resources */,
				F4482F2516A0555000FDDDAD /* Icon.png in Resources */,
				F4482F2616A0555000FDDDAD /* Icon@2x.png in Resources */,
				99EB4767179A600300FB5A03 /* assets in Resources */,
				99A19E52187BACEC00A05040 /* Icon-72@2x.png in Resources */,
			);
			runOnlyForDeploymentPostprocessing = 0;
		};
/* End PBXResourcesBuildPhase section */

/* Begin PBXSourcesBuildPhase section */
		F456ECBD15EE018E00FCF3E2 /* Sources */ = {
			isa = PBXSourcesBuildPhase;
			buildActionMask = 2147483647;
			files = (
				F4D26BCC16C7D0D2004442B6 /* AppController.mm in Sources */,
				9EB87F1418E01186006B9C86 /* ASIAuthenticationDialog.m in Sources */,
				9EB87F4118E01477006B9C86 /* SBJsonUTF8Stream.m in Sources */,
				9EB87F3E18E01477006B9C86 /* SBJsonStreamWriterAccumulator.m in Sources */,
				9EB87EF918E01130006B9C86 /* TalkingDataSdk.mm in Sources */,
				9EB87F1518E01186006B9C86 /* ASIDataCompressor.m in Sources */,
				9EB87F3718E01477006B9C86 /* NSObject+SBJson.m in Sources */,
				9EB87EF218E01117006B9C86 /* SDKUmeng.mm in Sources */,
				F4D26BCD16C7D0D2004442B6 /* main.m in Sources */,
				9EB87F1A18E01186006B9C86 /* ASIInputStream.m in Sources */,
				9EB87F3B18E01477006B9C86 /* SBJsonStreamParserAdapter.m in Sources */,
				9EB87F1918E01186006B9C86 /* ASIHTTPRequest.m in Sources */,
				9EB87F3918E01477006B9C86 /* SBJsonStreamParser.m in Sources */,
				9EB87F3C18E01477006B9C86 /* SBJsonStreamParserState.m in Sources */,
				9EB87F3A18E01477006B9C86 /* SBJsonStreamParserAccumulator.m in Sources */,
				9EB87F3F18E01477006B9C86 /* SBJsonStreamWriterState.m in Sources */,
				9EB87F4018E01477006B9C86 /* SBJsonTokeniser.m in Sources */,
				F4D26BCE16C7D0D2004442B6 /* RootViewController.mm in Sources */,
				9EB87F1818E01186006B9C86 /* ASIFormDataRequest.m in Sources */,
				9EB87F1C18E01186006B9C86 /* Reachability.m in Sources */,
				9EB87F1718E01186006B9C86 /* ASIDownloadCache.m in Sources */,
				9EB87F4218E01477006B9C86 /* SBJsonWriter.m in Sources */,
				9EB87F3D18E01477006B9C86 /* SBJsonStreamWriter.m in Sources */,
				F4E50FE516CF7B6500AA7E90 /* AppDelegate.cpp in Sources */,
				9EB87EEB18DFD59A006B9C86 /* CsgSdk.mm in Sources */,
				9EB87F3818E01477006B9C86 /* SBJsonParser.m in Sources */,
				9EB87F1618E01186006B9C86 /* ASIDataDecompressor.m in Sources */,
				9EB87F1B18E01186006B9C86 /* ASINetworkQueue.m in Sources */,
			);
			runOnlyForDeploymentPostprocessing = 0;
		};
/* End PBXSourcesBuildPhase section */

/* Begin XCBuildConfiguration section */
		F456EFBB15EE019300FCF3E2 /* Debug */ = {
			isa = XCBuildConfiguration;
			buildSettings = {
				ARCHS = armv7;
				"CODE_SIGN_IDENTITY[sdk=iphoneos*]" = "iPhone Developer";
				GCC_C_LANGUAGE_STANDARD = gnu99;
				GCC_OPTIMIZATION_LEVEL = 0;
				GCC_PREPROCESSOR_DEFINITIONS = (
					DEBUG,
					"COCOS2D_DEBUG=1",
					USE_FILE32API,
					TARGET_OS_IPHONE,
					"CC_LUA_ENGINE_ENABLED=1",
				);
				GCC_SYMBOLS_PRIVATE_EXTERN = NO;
				GCC_WARN_ABOUT_RETURN_TYPE = YES;
				GCC_WARN_UNUSED_VARIABLE = YES;
				HEADER_SEARCH_PATHS = (
					"\"../../lib/cocos2d-x/cocos2dx\"",
					"\"../../lib/cocos2d-x/cocos2dx/include\"",
					"\"../../lib/cocos2d-x/cocos2dx/platform\"",
					"\"../../lib/cocos2d-x/cocos2dx/platform/ios\"",
					"\"../../lib/cocos2d-x/cocos2dx/platform/third_party/ios\"",
					"\"../../lib/cocos2d-x/cocos2dx/kazmath/include\"",
					"\"../../lib/cocos2d-x/CocosDenshion/include\"",
					"\"../../lib/cocos2d-x/CocosDenshion/ios\"",
					"\"../../lib/cocos2d-x/extensions\"",
					"\"../../lib/cocos2d-x/extensions/GUI/CCControlExtension\"",
					"\"../../lib/cocos2d-x/extensions/GUI/CCEditBox\"",
					"\"../../lib/cocos2d-x/scripting/lua/cocos2dx_support\"",
					"\"../../lib/cocos2d-x/scripting/lua/tolua\"",
					"\"../../lib/cocos2d-x/scripting/lua/luajit/include\"",
					"\"../../lib/cocos2dx_extensions_luabinding\"",
					"\"../../lib/cocos2dx_extra/extra\"",
					"\"../../lib/cocos2dx_extra/extra/luabinding\"",
					"\"../../lib/lua_extensions\"",
					"\"../../lib/lua_extensions/cjson\"",
					"\"../../lib/lua_extensions/zlib\"",
					"\"../../lib/third_party/chipmunk/include\"",
					"\"../../lib/third_party/chipmunk/luabinding\"",
					"\"../../lib/third_party/CSArmature\"",
					"\"../../lib/third_party\"",
				);
				IPHONEOS_DEPLOYMENT_TARGET = 4.3;
				SDKROOT = iphoneos;
				VALID_ARCHS = armv7;
			};
			name = Debug;
		};
		F456EFBC15EE019300FCF3E2 /* Release */ = {
			isa = XCBuildConfiguration;
			buildSettings = {
				ARCHS = armv7;
				"CODE_SIGN_IDENTITY[sdk=iphoneos*]" = "iPhone Developer";
				GCC_C_LANGUAGE_STANDARD = gnu99;
				GCC_PREPROCESSOR_DEFINITIONS = (
					NDEBUG,
					USE_FILE32API,
					TARGET_OS_IPHONE,
					"CC_LUA_ENGINE_ENABLED=1",
				);
				GCC_WARN_ABOUT_RETURN_TYPE = YES;
				GCC_WARN_UNUSED_VARIABLE = YES;
				HEADER_SEARCH_PATHS = (
					"\"../../lib/cocos2d-x/cocos2dx\"",
					"\"../../lib/cocos2d-x/cocos2dx/include\"",
					"\"../../lib/cocos2d-x/cocos2dx/platform\"",
					"\"../../lib/cocos2d-x/cocos2dx/platform/ios\"",
					"\"../../lib/cocos2d-x/cocos2dx/platform/third_party/ios\"",
					"\"../../lib/cocos2d-x/cocos2dx/kazmath/include\"",
					"\"../../lib/cocos2d-x/CocosDenshion/include\"",
					"\"../../lib/cocos2d-x/CocosDenshion/ios\"",
					"\"../../lib/cocos2d-x/extensions\"",
					"\"../../lib/cocos2d-x/extensions/GUI/CCControlExtension\"",
					"\"../../lib/cocos2d-x/extensions/GUI/CCEditBox\"",
					"\"../../lib/cocos2d-x/scripting/lua/cocos2dx_support\"",
					"\"../../lib/cocos2d-x/scripting/lua/tolua\"",
					"\"../../lib/cocos2d-x/scripting/lua/luajit/include\"",
					"\"../../lib/cocos2dx_extensions_luabinding\"",
					"\"../../lib/cocos2dx_extra/extra\"",
					"\"../../lib/cocos2dx_extra/extra/luabinding\"",
					"\"../../lib/lua_extensions\"",
					"\"../../lib/lua_extensions/cjson\"",
					"\"../../lib/lua_extensions/zlib\"",
					"\"../../lib/third_party/chipmunk/include\"",
					"\"../../lib/third_party/chipmunk/luabinding\"",
					"\"../../lib/third_party/CSArmature\"",
					"\"../../lib/third_party\"",
				);
				IPHONEOS_DEPLOYMENT_TARGET = 4.3;
				OTHER_CFLAGS = "-DNS_BLOCK_ASSERTIONS=1";
				SDKROOT = iphoneos;
				VALID_ARCHS = armv7;
			};
			name = Release;
		};
		F456EFBE15EE019300FCF3E2 /* Debug */ = {
			isa = XCBuildConfiguration;
			buildSettings = {
				ALWAYS_SEARCH_USER_PATHS = NO;
				ARCHS = armv7;
				CLANG_CXX_LANGUAGE_STANDARD = "gnu++0x";
				CLANG_CXX_LIBRARY = "libc++";
				CODE_SIGN_IDENTITY = "iPhone Developer: keyi xia (6RVN67Z5J4)";
				"CODE_SIGN_IDENTITY[sdk=iphoneos*]" = "iPhone Developer: keyi xia (6RVN67Z5J4)";
				COPY_PHASE_STRIP = NO;
				FRAMEWORK_SEARCH_PATHS = "$(inherited)";
				GCC_C_LANGUAGE_STANDARD = gnu11;
				GCC_DYNAMIC_NO_PIC = NO;
				GCC_INLINES_ARE_PRIVATE_EXTERN = NO;
				GCC_PRECOMPILE_PREFIX_HEADER = YES;
				GCC_PREFIX_HEADER = x6/Prefix.pch;
				GCC_PREPROCESSOR_DEFINITIONS = (
					DEBUG,
					"COCOS2D_DEBUG=1",
					USE_FILE32API,
					CC_TARGET_OS_IPHONE,
					"CC_LUA_ENGINE_ENABLED=1",
				);
				GCC_SYMBOLS_PRIVATE_EXTERN = NO;
				"GCC_THUMB_SUPPORT[arch=armv6]" = "";
				HEADER_SEARCH_PATHS = (
					"\"../../lib/cocos2d-x/cocos2dx\"",
					"\"../../lib/cocos2d-x/cocos2dx/include\"",
					"\"../../lib/cocos2d-x/cocos2dx/platform\"",
					"\"../../lib/cocos2d-x/cocos2dx/platform/ios\"",
					"\"../../lib/cocos2d-x/cocos2dx/platform/third_party/ios\"",
					"\"../../lib/cocos2d-x/cocos2dx/kazmath/include\"",
					"\"../../lib/cocos2d-x/CocosDenshion/include\"",
					"\"../../lib/cocos2d-x/CocosDenshion/ios\"",
					"\"../../lib/cocos2d-x/extensions\"",
					"\"../../lib/cocos2d-x/extensions/GUI/CCControlExtension\"",
					"\"../../lib/cocos2d-x/extensions/GUI/CCEditBox\"",
					"\"../../lib/cocos2d-x/scripting/lua/cocos2dx_support\"",
					"\"../../lib/cocos2d-x/scripting/lua/tolua\"",
					"\"../../lib/cocos2d-x/scripting/lua/luajit/include\"",
					"\"../../lib/cocos2dx_extensions_luabinding\"",
					"\"../../lib/cocos2dx_extra/extra\"",
					"\"../../lib/cocos2dx_extra/extra/luabinding\"",
					"\"../../lib/lua_extensions\"",
					"\"../../lib/lua_extensions/cjson\"",
					"\"../../lib/lua_extensions/zlib\"",
					"\"../../lib/third_party/chipmunk/include\"",
					"\"../../lib/third_party/chipmunk/luabinding\"",
					"\"../../lib/third_party/CSArmature\"",
					"\"../../lib/third_party\"",
				);
				INFOPLIST_FILE = x6/Resources/Info.plist;
				IPHONEOS_DEPLOYMENT_TARGET = 5.0;
				LIBRARY_SEARCH_PATHS = (
					"../../lib/cocos2d-x/cocos2dx/platform/third_party/ios/libraries",
					"\\\"$(SRCROOT)/x6\\\"",
					"\\\"$(SRCROOT)/x6/ios\\\"",
					"\\\"$(SRCROOT)/x6/ios/umeng\\\"",
					"\\\"$(SRCROOT)/x6/ios/talkingData\\\"",
					/Users/mobilegame03/Desktop/x6code/x6/proj.ios/x6/ios/csg,
					/Users/mobilegame03/Desktop/x6code/x6/proj.ios/x6/ios/umeng,
					/Users/mobilegame03/Desktop/x6code/x6/proj.ios/x6/ios/talkingData,
				);
				OTHER_LDFLAGS = (
					"-lxml2",
					"-lz",
					"-ObjC",
				);
				PRODUCT_NAME = wsdx;
				PROVISIONING_PROFILE = "4C0437D2-28DA-43BB-B915-4002B4CB1AD3";
				TARGETED_DEVICE_FAMILY = "1,2";
				VALID_ARCHS = armv7;
				WRAPPER_EXTENSION = app;
			};
			name = Debug;
		};
		F456EFBF15EE019300FCF3E2 /* Release */ = {
			isa = XCBuildConfiguration;
			buildSettings = {
				ALWAYS_SEARCH_USER_PATHS = NO;
				ARCHS = armv7;
				CLANG_CXX_LANGUAGE_STANDARD = "gnu++0x";
				CLANG_CXX_LIBRARY = "libc++";
				CODE_SIGN_IDENTITY = "iPhone Developer: keyi xia (6RVN67Z5J4)";
				"CODE_SIGN_IDENTITY[sdk=iphoneos*]" = "iPhone Developer: keyi xia (6RVN67Z5J4)";
				COPY_PHASE_STRIP = YES;
				FRAMEWORK_SEARCH_PATHS = "$(inherited)";
				GCC_C_LANGUAGE_STANDARD = gnu11;
				GCC_INLINES_ARE_PRIVATE_EXTERN = NO;
				GCC_PRECOMPILE_PREFIX_HEADER = YES;
				GCC_PREFIX_HEADER = x6/Prefix.pch;
				GCC_PREPROCESSOR_DEFINITIONS = (
					NDEBUG,
					USE_FILE32API,
					CC_TARGET_OS_IPHONE,
					"CC_LUA_ENGINE_ENABLED=1",
				);
				GCC_SYMBOLS_PRIVATE_EXTERN = NO;
				"GCC_THUMB_SUPPORT[arch=armv6]" = "";
				HEADER_SEARCH_PATHS = (
					"\"../../lib/cocos2d-x/cocos2dx\"",
					"\"../../lib/cocos2d-x/cocos2dx/include\"",
					"\"../../lib/cocos2d-x/cocos2dx/platform\"",
					"\"../../lib/cocos2d-x/cocos2dx/platform/ios\"",
					"\"../../lib/cocos2d-x/cocos2dx/platform/third_party/ios\"",
					"\"../../lib/cocos2d-x/cocos2dx/kazmath/include\"",
					"\"../../lib/cocos2d-x/CocosDenshion/include\"",
					"\"../../lib/cocos2d-x/CocosDenshion/ios\"",
					"\"../../lib/cocos2d-x/extensions\"",
					"\"../../lib/cocos2d-x/extensions/GUI/CCControlExtension\"",
					"\"../../lib/cocos2d-x/extensions/GUI/CCEditBox\"",
					"\"../../lib/cocos2d-x/scripting/lua/cocos2dx_support\"",
					"\"../../lib/cocos2d-x/scripting/lua/tolua\"",
					"\"../../lib/cocos2d-x/scripting/lua/luajit/include\"",
					"\"../../lib/cocos2dx_extensions_luabinding\"",
					"\"../../lib/cocos2dx_extra/extra\"",
					"\"../../lib/cocos2dx_extra/extra/luabinding\"",
					"\"../../lib/lua_extensions\"",
					"\"../../lib/lua_extensions/cjson\"",
					"\"../../lib/lua_extensions/zlib\"",
					"\"../../lib/third_party/chipmunk/include\"",
					"\"../../lib/third_party/chipmunk/luabinding\"",
					"\"../../lib/third_party/CSArmature\"",
					"\"../../lib/third_party\"",
				);
				INFOPLIST_FILE = x6/Resources/Info.plist;
				IPHONEOS_DEPLOYMENT_TARGET = 5.0;
				LIBRARY_SEARCH_PATHS = (
					"../../lib/cocos2d-x/cocos2dx/platform/third_party/ios/libraries",
					"\\\"$(SRCROOT)/x6\\\"",
					"\\\"$(SRCROOT)/x6/ios\\\"",
					"\\\"$(SRCROOT)/x6/ios/umeng\\\"",
					"\\\"$(SRCROOT)/x6/ios/talkingData\\\"",
					/Users/mobilegame03/Desktop/x6code/x6/proj.ios/x6/ios/csg,
					/Users/mobilegame03/Desktop/x6code/x6/proj.ios/x6/ios/umeng,
					/Users/mobilegame03/Desktop/x6code/x6/proj.ios/x6/ios/talkingData,
				);
				OTHER_LDFLAGS = (
					"-lxml2",
					"-lz",
					"-ObjC",
				);
				PRODUCT_NAME = wsdx;
				PROVISIONING_PROFILE = "4C0437D2-28DA-43BB-B915-4002B4CB1AD3";
				TARGETED_DEVICE_FAMILY = "1,2";
				VALIDATE_PRODUCT = YES;
				VALID_ARCHS = armv7;
				WRAPPER_EXTENSION = app;
			};
			name = Release;
		};
/* End XCBuildConfiguration section */

/* Begin XCConfigurationList section */
		F456ECBB15EE018E00FCF3E2 /* Build configuration list for PBXProject "x6" */ = {
			isa = XCConfigurationList;
			buildConfigurations = (
				F456EFBB15EE019300FCF3E2 /* Debug */,
				F456EFBC15EE019300FCF3E2 /* Release */,
			);
			defaultConfigurationIsVisible = 0;
			defaultConfigurationName = Release;
		};
		F456EFBD15EE019300FCF3E2 /* Build configuration list for PBXNativeTarget "x6" */ = {
			isa = XCConfigurationList;
			buildConfigurations = (
				F456EFBE15EE019300FCF3E2 /* Debug */,
				F456EFBF15EE019300FCF3E2 /* Release */,
			);
			defaultConfigurationIsVisible = 0;
			defaultConfigurationName = Release;
		};
/* End XCConfigurationList section */
	};
	rootObject = F456ECB815EE018E00FCF3E2 /* Project object */;
}
